{
    "_readme": [
        "This file locks the dependencies of your project to a known state",
        "Read more about it at https://getcomposer.org/doc/01-basic-usage.md#installing-dependencies",
        "This file is @generated automatically"
    ],
    "content-hash": "9baa7a75f836a50aa7d7a84bc7a24a5c",
    "packages": [
        {
            "name": "ndlano/h5p-caretaker",
            "version": "dev-master",
            "source": {
                "type": "git",
                "url": "https://github.com/NDLANO/h5p-caretaker.git",
                "reference": "043194819b3fb4bd5340a5546bec6b6a3d20daab"
            },
            "dist": {
                "type": "zip",
                "url": "https://api.github.com/repos/NDLANO/h5p-caretaker/zipball/043194819b3fb4bd5340a5546bec6b6a3d20daab",
                "reference": "043194819b3fb4bd5340a5546bec6b6a3d20daab",
                "shasum": ""
            },
            "require": {
                "php": ">=8"
            },
            "default-branch": true,
            "type": "library",
            "autoload": {
                "psr-4": {
                    "Ndlano\\H5PCaretaker\\": "app/"
                }
            },
            "license": [
                "MIT"
            ],
            "authors": [
                {
                    "name": "NDLA",
                    "homepage": "https://ndla.no",
                    "role": "Producer"
                },
                {
                    "name": "Oliver Tacke",
                    "email": "oliver@snordian.de",
                    "homepage": "https://snordian.de",
                    "role": "Developer"
                }
            ],
            "description": "Library that is supposed to help people take care of H5P content types",
            "support": {
                "source": "https://github.com/NDLANO/h5p-caretaker/tree/master",
                "issues": "https://github.com/NDLANO/h5p-caretaker/issues"
            },
            "time": "2024-12-20T15:38:53+00:00"
        }
    ],
    "packages-dev": [],
    "aliases": [],
    "minimum-stability": "stable",
    "stability-flags": {
        "ndlano/h5p-caretaker": 20
    },
    "prefer-stable": false,
    "prefer-lowest": false,
    "platform": {
        "php": ">=8"
    },
    "platform-dev": [],
    "plugin-api-version": "2.3.0"
}
