{
  "name": "wp-ndla-h5p-caretaker",
  "lockfileVersion": 3,
  "requires": true,
  "packages": {
    "": {
      "name": "wp-ndla-h5p-caretaker",
      "license": "MIT",
      "dependencies": {
        "@explorendla/h5p-caretaker-client": "^1.0.21"
      }
    },
    "node_modules/@explorendla/h5p-caretaker-client": {
      "version": "1.0.21",
      "resolved": "https://registry.npmjs.org/@explorendla/h5p-caretaker-client/-/h5p-caretaker-client-1.0.21.tgz",
      "integrity": "sha512-X3jtqRGBcksjREkEKNfSLrj8C8SkPEW0JEk0641dOuDUTNjYEXQlwE/9y4anxXM+tue25ZaTqVzgtn+D3KdsLA==",
      "license": "MIT"
    }
  }
}
