{
  "name": "wp-ndla-h5p-caretaker",
  "version": "1.0.5",
  "lockfileVersion": 3,
  "requires": true,
  "packages": {
    "": {
      "name": "wp-ndla-h5p-caretaker",
      "version": "1.0.5",
      "license": "MIT",
      "dependencies": {
        "@explorendla/h5p-caretaker-client": "^1.0.20"
      }
    },
    "node_modules/@explorendla/h5p-caretaker-client": {
      "version": "1.0.20",
      "resolved": "https://registry.npmjs.org/@explorendla/h5p-caretaker-client/-/h5p-caretaker-client-1.0.20.tgz",
      "integrity": "sha512-Jkptuobb/K4li1eP6o2zIS2ZlOBd7cdwoIsVeanJoY/bdAWBNpl55Iubmmtn7KXlvlmOlYKTd2PXOogIAgo7TQ==",
      "license": "MIT"
    }
  }
}
