{
  "name": "h5p-caretaker-server",
  "version": "1.0.0",
  "lockfileVersion": 3,
  "requires": true,
  "packages": {
    "": {
      "name": "h5p-caretaker-server",
      "version": "1.0.0",
      "license": "MIT",
      "dependencies": {
        "h5p-caretaker-client": "git@github.com:ndlano/h5p-caretaker-client"
      }
    },
    "node_modules/h5p-caretaker-client": {
      "version": "1.0.0",
      "resolved": "git+ssh://git@github.com/ndlano/h5p-caretaker-client.git#7a371c96b21eb3d0c569e832f6891d4fc3b9b999",
      "license": "MIT"
    }
  }
}
